{
  "pins" : [
    {
      "identity" : "alamofire",
      "kind" : "remoteSourceControl",
      "location" : "https://github.com/Alamofire/Alamofire.git",
      "state" : {
        "revision" : "3dc6a42c7727c49bf26508e29b0a0b35f9c7e1ad",
        "version" : "5.8.1"
      }
    },
    {
      "identity" : "easypeasy",
      "kind" : "remoteSourceControl",
      "location" : "https://github.com/nakiostudio/EasyPeasy.git",
      "state" : {
        "revision" : "b0028f63d47bcb32e37d8abb9cc5d5a781742a4e",
        "version" : "1.10.0"
      }
    },
    {
      "identity" : "ezpopup",
      "kind" : "remoteSourceControl",
      "location" : "https://github.com/huynguyencong/EzPopup.git",
      "state" : {
        "revision" : "a8429ff1372cdaa5ba6f2e9daf756b6b489542d0",
        "version" : "1.2.4"
      }
    },
    {
      "identity" : "realm-core",
      "kind" : "remoteSourceControl",
      "location" : "https://github.com/realm/realm-core.git",
      "state" : {
        "revision" : "a5e87a39cffdcc591f3203c11cfca68100d0b9a6",
        "version" : "13.26.0"
      }
    },
    {
      "identity" : "realm-swift",
      "kind" : "remoteSourceControl",
      "location" : "https://github.com/realm/realm-swift.git",
      "state" : {
        "branch" : "master",
        "revision" : "a56145813ef5e7c4b5c5450fabfa1b1a098247b0"
      }
    },
    {
      "identity" : "rxswift",
      "kind" : "remoteSourceControl",
      "location" : "https://github.com/ReactiveX/RxSwift.git",
      "state" : {
        "revision" : "9dcaa4b333db437b0fbfaf453fad29069044a8b4",
        "version" : "6.6.0"
      }
    },
    {
      "identity" : "sdwebimage",
      "kind" : "remoteSourceControl",
      "location" : "https://github.com/SDWebImage/SDWebImage.git",
      "state" : {
        "revision" : "73b9397cfbd902f606572964055464903b1d84c6",
        "version" : "5.19.0"
      }
    }
  ],
  "version" : 2
}
